Microsoft Visual Studio Solution File, Format Version 12.00
# Visual Studio Version 16
VisualStudioVersion = 16.0.31729.503
MinimumVisualStudioVersion = 10.0.40219.1
Project("{8BC9CEB8-8B4A-11D0-8D11-00A0C91BC942}") = "FileSync", "FileSync\FileSync.vcxproj", "{9ED54E44-8E5F-4161-9EDF-668C52E53E4E}"
EndProject
Project("{8BC9CEB8-8B4A-11D0-8D11-00A0C91BC942}") = "CDVD", "CDVD\CDVD.vcxproj", "{48A27F3A-7C6D-402D-80B9-B54E406F91D6}"
EndProject
Project("{8BC9CEB8-8B4A-11D0-8D11-00A0C91BC942}") = "ZipArchive", "..\ZipArchive\ZipArchive\ZipArchive.vcxproj", "{A51CF340-B0EA-4C9B-A2FA-4D7487692EF5}"
EndProject
Project("{8BC9CEB8-8B4A-11D0-8D11-00A0C91BC942}") = "StackWalker_VC10", "..\StackWalker\StackWalker_VC10\StackWalker_VC10.vcxproj", "{AB7E19C5-95EE-4777-97AD-0601FBDA896B}"
EndProject
Global
	GlobalSection(SolutionConfigurationPlatforms) = preSolution
		Debug MFC MD DLL|x64 = Debug MFC MD DLL|x64
		Debug MFC MD DLL|x86 = Debug MFC MD DLL|x86
		Debug MFC MD|x64 = Debug MFC MD|x64
		Debug MFC MD|x86 = Debug MFC MD|x86
		Debug MFC MT|x64 = Debug MFC MT|x64
		Debug MFC MT|x86 = Debug MFC MT|x86
		Debug STL MD DLL|x64 = Debug STL MD DLL|x64
		Debug STL MD DLL|x86 = Debug STL MD DLL|x86
		Debug STL MD|x64 = Debug STL MD|x64
		Debug STL MD|x86 = Debug STL MD|x86
		Debug STL MT|x64 = Debug STL MT|x64
		Debug STL MT|x86 = Debug STL MT|x86
		Debug Unicode MFC MD DLL|x64 = Debug Unicode MFC MD DLL|x64
		Debug Unicode MFC MD DLL|x86 = Debug Unicode MFC MD DLL|x86
		Debug Unicode MFC MD|x64 = Debug Unicode MFC MD|x64
		Debug Unicode MFC MD|x86 = Debug Unicode MFC MD|x86
		Debug Unicode MFC MT|x64 = Debug Unicode MFC MT|x64
		Debug Unicode MFC MT|x86 = Debug Unicode MFC MT|x86
		Debug Unicode STL MD DLL|x64 = Debug Unicode STL MD DLL|x64
		Debug Unicode STL MD DLL|x86 = Debug Unicode STL MD DLL|x86
		Debug Unicode STL MD|x64 = Debug Unicode STL MD|x64
		Debug Unicode STL MD|x86 = Debug Unicode STL MD|x86
		Debug Unicode STL MT|x64 = Debug Unicode STL MT|x64
		Debug Unicode STL MT|x86 = Debug Unicode STL MT|x86
		Debug|x64 = Debug|x64
		Debug|x86 = Debug|x86
		Release MFC MD DLL|x64 = Release MFC MD DLL|x64
		Release MFC MD DLL|x86 = Release MFC MD DLL|x86
		Release MFC MD|x64 = Release MFC MD|x64
		Release MFC MD|x86 = Release MFC MD|x86
		Release MFC MT|x64 = Release MFC MT|x64
		Release MFC MT|x86 = Release MFC MT|x86
		Release STL MD DLL|x64 = Release STL MD DLL|x64
		Release STL MD DLL|x86 = Release STL MD DLL|x86
		Release STL MD|x64 = Release STL MD|x64
		Release STL MD|x86 = Release STL MD|x86
		Release STL MT|x64 = Release STL MT|x64
		Release STL MT|x86 = Release STL MT|x86
		Release Unicode MFC MD DLL|x64 = Release Unicode MFC MD DLL|x64
		Release Unicode MFC MD DLL|x86 = Release Unicode MFC MD DLL|x86
		Release Unicode MFC MD|x64 = Release Unicode MFC MD|x64
		Release Unicode MFC MD|x86 = Release Unicode MFC MD|x86
		Release Unicode MFC MT|x64 = Release Unicode MFC MT|x64
		Release Unicode MFC MT|x86 = Release Unicode MFC MT|x86
		Release Unicode STL MD DLL|x64 = Release Unicode STL MD DLL|x64
		Release Unicode STL MD DLL|x86 = Release Unicode STL MD DLL|x86
		Release Unicode STL MD|x64 = Release Unicode STL MD|x64
		Release Unicode STL MD|x86 = Release Unicode STL MD|x86
		Release Unicode STL MT|x64 = Release Unicode STL MT|x64
		Release Unicode STL MT|x86 = Release Unicode STL MT|x86
		Release|x64 = Release|x64
		Release|x86 = Release|x86
		Template|x64 = Template|x64
		Template|x86 = Template|x86
	EndGlobalSection
	GlobalSection(ProjectConfigurationPlatforms) = postSolution
		{9ED54E44-8E5F-4161-9EDF-668C52E53E4E}.Debug MFC MD DLL|x64.ActiveCfg = Debug|Win32
		{9ED54E44-8E5F-4161-9EDF-668C52E53E4E}.Debug MFC MD DLL|x64.Build.0 = Debug|Win32
		{9ED54E44-8E5F-4161-9EDF-668C52E53E4E}.Debug MFC MD DLL|x86.ActiveCfg = Debug|Win32
		{9ED54E44-8E5F-4161-9EDF-668C52E53E4E}.Debug MFC MD DLL|x86.Build.0 = Debug|Win32
		{9ED54E44-8E5F-4161-9EDF-668C52E53E4E}.Debug MFC MD|x64.ActiveCfg = Debug|Win32
		{9ED54E44-8E5F-4161-9EDF-668C52E53E4E}.Debug MFC MD|x64.Build.0 = Debug|Win32
		{9ED54E44-8E5F-4161-9EDF-668C52E53E4E}.Debug MFC MD|x86.ActiveCfg = Debug|Win32
		{9ED54E44-8E5F-4161-9EDF-668C52E53E4E}.Debug MFC MD|x86.Build.0 = Debug|Win32
		{9ED54E44-8E5F-4161-9EDF-668C52E53E4E}.Debug MFC MT|x64.ActiveCfg = Debug|Win32
		{9ED54E44-8E5F-4161-9EDF-668C52E53E4E}.Debug MFC MT|x64.Build.0 = Debug|Win32
		{9ED54E44-8E5F-4161-9EDF-668C52E53E4E}.Debug MFC MT|x86.ActiveCfg = Debug|Win32
		{9ED54E44-8E5F-4161-9EDF-668C52E53E4E}.Debug MFC MT|x86.Build.0 = Debug|Win32
		{9ED54E44-8E5F-4161-9EDF-668C52E53E4E}.Debug STL MD DLL|x64.ActiveCfg = Debug|Win32
		{9ED54E44-8E5F-4161-9EDF-668C52E53E4E}.Debug STL MD DLL|x64.Build.0 = Debug|Win32
		{9ED54E44-8E5F-4161-9EDF-668C52E53E4E}.Debug STL MD DLL|x86.ActiveCfg = Debug|Win32
		{9ED54E44-8E5F-4161-9EDF-668C52E53E4E}.Debug STL MD DLL|x86.Build.0 = Debug|Win32
		{9ED54E44-8E5F-4161-9EDF-668C52E53E4E}.Debug STL MD|x64.ActiveCfg = Debug|Win32
		{9ED54E44-8E5F-4161-9EDF-668C52E53E4E}.Debug STL MD|x64.Build.0 = Debug|Win32
		{9ED54E44-8E5F-4161-9EDF-668C52E53E4E}.Debug STL MD|x86.ActiveCfg = Debug|Win32
		{9ED54E44-8E5F-4161-9EDF-668C52E53E4E}.Debug STL MD|x86.Build.0 = Debug|Win32
		{9ED54E44-8E5F-4161-9EDF-668C52E53E4E}.Debug STL MT|x64.ActiveCfg = Debug|Win32
		{9ED54E44-8E5F-4161-9EDF-668C52E53E4E}.Debug STL MT|x64.Build.0 = Debug|Win32
		{9ED54E44-8E5F-4161-9EDF-668C52E53E4E}.Debug STL MT|x86.ActiveCfg = Debug|Win32
		{9ED54E44-8E5F-4161-9EDF-668C52E53E4E}.Debug STL MT|x86.Build.0 = Debug|Win32
		{9ED54E44-8E5F-4161-9EDF-668C52E53E4E}.Debug Unicode MFC MD DLL|x64.ActiveCfg = Debug|Win32
		{9ED54E44-8E5F-4161-9EDF-668C52E53E4E}.Debug Unicode MFC MD DLL|x64.Build.0 = Debug|Win32
		{9ED54E44-8E5F-4161-9EDF-668C52E53E4E}.Debug Unicode MFC MD DLL|x86.ActiveCfg = Debug|Win32
		{9ED54E44-8E5F-4161-9EDF-668C52E53E4E}.Debug Unicode MFC MD DLL|x86.Build.0 = Debug|Win32
		{9ED54E44-8E5F-4161-9EDF-668C52E53E4E}.Debug Unicode MFC MD|x64.ActiveCfg = Debug|Win32
		{9ED54E44-8E5F-4161-9EDF-668C52E53E4E}.Debug Unicode MFC MD|x64.Build.0 = Debug|Win32
		{9ED54E44-8E5F-4161-9EDF-668C52E53E4E}.Debug Unicode MFC MD|x86.ActiveCfg = Debug|Win32
		{9ED54E44-8E5F-4161-9EDF-668C52E53E4E}.Debug Unicode MFC MD|x86.Build.0 = Debug|Win32
		{9ED54E44-8E5F-4161-9EDF-668C52E53E4E}.Debug Unicode MFC MT|x64.ActiveCfg = Debug|Win32
		{9ED54E44-8E5F-4161-9EDF-668C52E53E4E}.Debug Unicode MFC MT|x64.Build.0 = Debug|Win32
		{9ED54E44-8E5F-4161-9EDF-668C52E53E4E}.Debug Unicode MFC MT|x86.ActiveCfg = Debug|Win32
		{9ED54E44-8E5F-4161-9EDF-668C52E53E4E}.Debug Unicode MFC MT|x86.Build.0 = Debug|Win32
		{9ED54E44-8E5F-4161-9EDF-668C52E53E4E}.Debug Unicode STL MD DLL|x64.ActiveCfg = Debug|Win32
		{9ED54E44-8E5F-4161-9EDF-668C52E53E4E}.Debug Unicode STL MD DLL|x64.Build.0 = Debug|Win32
		{9ED54E44-8E5F-4161-9EDF-668C52E53E4E}.Debug Unicode STL MD DLL|x86.ActiveCfg = Debug|Win32
		{9ED54E44-8E5F-4161-9EDF-668C52E53E4E}.Debug Unicode STL MD DLL|x86.Build.0 = Debug|Win32
		{9ED54E44-8E5F-4161-9EDF-668C52E53E4E}.Debug Unicode STL MD|x64.ActiveCfg = Debug|Win32
		{9ED54E44-8E5F-4161-9EDF-668C52E53E4E}.Debug Unicode STL MD|x64.Build.0 = Debug|Win32
		{9ED54E44-8E5F-4161-9EDF-668C52E53E4E}.Debug Unicode STL MD|x86.ActiveCfg = Debug|Win32
		{9ED54E44-8E5F-4161-9EDF-668C52E53E4E}.Debug Unicode STL MD|x86.Build.0 = Debug|Win32
		{9ED54E44-8E5F-4161-9EDF-668C52E53E4E}.Debug Unicode STL MT|x64.ActiveCfg = Debug|Win32
		{9ED54E44-8E5F-4161-9EDF-668C52E53E4E}.Debug Unicode STL MT|x64.Build.0 = Debug|Win32
		{9ED54E44-8E5F-4161-9EDF-668C52E53E4E}.Debug Unicode STL MT|x86.ActiveCfg = Debug|Win32
		{9ED54E44-8E5F-4161-9EDF-668C52E53E4E}.Debug Unicode STL MT|x86.Build.0 = Debug|Win32
		{9ED54E44-8E5F-4161-9EDF-668C52E53E4E}.Debug|x64.ActiveCfg = Debug|Win32
		{9ED54E44-8E5F-4161-9EDF-668C52E53E4E}.Debug|x86.ActiveCfg = Debug|Win32
		{9ED54E44-8E5F-4161-9EDF-668C52E53E4E}.Debug|x86.Build.0 = Debug|Win32
		{9ED54E44-8E5F-4161-9EDF-668C52E53E4E}.Release MFC MD DLL|x64.ActiveCfg = Debug|Win32
		{9ED54E44-8E5F-4161-9EDF-668C52E53E4E}.Release MFC MD DLL|x64.Build.0 = Debug|Win32
		{9ED54E44-8E5F-4161-9EDF-668C52E53E4E}.Release MFC MD DLL|x86.ActiveCfg = Release|Win32
		{9ED54E44-8E5F-4161-9EDF-668C52E53E4E}.Release MFC MD DLL|x86.Build.0 = Release|Win32
		{9ED54E44-8E5F-4161-9EDF-668C52E53E4E}.Release MFC MD|x64.ActiveCfg = Debug|Win32
		{9ED54E44-8E5F-4161-9EDF-668C52E53E4E}.Release MFC MD|x64.Build.0 = Debug|Win32
		{9ED54E44-8E5F-4161-9EDF-668C52E53E4E}.Release MFC MD|x86.ActiveCfg = Release|Win32
		{9ED54E44-8E5F-4161-9EDF-668C52E53E4E}.Release MFC MD|x86.Build.0 = Release|Win32
		{9ED54E44-8E5F-4161-9EDF-668C52E53E4E}.Release MFC MT|x64.ActiveCfg = Debug|Win32
		{9ED54E44-8E5F-4161-9EDF-668C52E53E4E}.Release MFC MT|x64.Build.0 = Debug|Win32
		{9ED54E44-8E5F-4161-9EDF-668C52E53E4E}.Release MFC MT|x86.ActiveCfg = Release|Win32
		{9ED54E44-8E5F-4161-9EDF-668C52E53E4E}.Release MFC MT|x86.Build.0 = Release|Win32
		{9ED54E44-8E5F-4161-9EDF-668C52E53E4E}.Release STL MD DLL|x64.ActiveCfg = Debug|Win32
		{9ED54E44-8E5F-4161-9EDF-668C52E53E4E}.Release STL MD DLL|x64.Build.0 = Debug|Win32
		{9ED54E44-8E5F-4161-9EDF-668C52E53E4E}.Release STL MD DLL|x86.ActiveCfg = Release|Win32
		{9ED54E44-8E5F-4161-9EDF-668C52E53E4E}.Release STL MD DLL|x86.Build.0 = Release|Win32
		{9ED54E44-8E5F-4161-9EDF-668C52E53E4E}.Release STL MD|x64.ActiveCfg = Debug|Win32
		{9ED54E44-8E5F-4161-9EDF-668C52E53E4E}.Release STL MD|x64.Build.0 = Debug|Win32
		{9ED54E44-8E5F-4161-9EDF-668C52E53E4E}.Release STL MD|x86.ActiveCfg = Release|Win32
		{9ED54E44-8E5F-4161-9EDF-668C52E53E4E}.Release STL MD|x86.Build.0 = Release|Win32
		{9ED54E44-8E5F-4161-9EDF-668C52E53E4E}.Release STL MT|x64.ActiveCfg = Debug|Win32
		{9ED54E44-8E5F-4161-9EDF-668C52E53E4E}.Release STL MT|x64.Build.0 = Debug|Win32
		{9ED54E44-8E5F-4161-9EDF-668C52E53E4E}.Release STL MT|x86.ActiveCfg = Release|Win32
		{9ED54E44-8E5F-4161-9EDF-668C52E53E4E}.Release STL MT|x86.Build.0 = Release|Win32
		{9ED54E44-8E5F-4161-9EDF-668C52E53E4E}.Release Unicode MFC MD DLL|x64.ActiveCfg = Debug|Win32
		{9ED54E44-8E5F-4161-9EDF-668C52E53E4E}.Release Unicode MFC MD DLL|x64.Build.0 = Debug|Win32
		{9ED54E44-8E5F-4161-9EDF-668C52E53E4E}.Release Unicode MFC MD DLL|x86.ActiveCfg = Release|Win32
		{9ED54E44-8E5F-4161-9EDF-668C52E53E4E}.Release Unicode MFC MD DLL|x86.Build.0 = Release|Win32
		{9ED54E44-8E5F-4161-9EDF-668C52E53E4E}.Release Unicode MFC MD|x64.ActiveCfg = Debug|Win32
		{9ED54E44-8E5F-4161-9EDF-668C52E53E4E}.Release Unicode MFC MD|x64.Build.0 = Debug|Win32
		{9ED54E44-8E5F-4161-9EDF-668C52E53E4E}.Release Unicode MFC MD|x86.ActiveCfg = Release|Win32
		{9ED54E44-8E5F-4161-9EDF-668C52E53E4E}.Release Unicode MFC MD|x86.Build.0 = Release|Win32
		{9ED54E44-8E5F-4161-9EDF-668C52E53E4E}.Release Unicode MFC MT|x64.ActiveCfg = Debug|Win32
		{9ED54E44-8E5F-4161-9EDF-668C52E53E4E}.Release Unicode MFC MT|x64.Build.0 = Debug|Win32
		{9ED54E44-8E5F-4161-9EDF-668C52E53E4E}.Release Unicode MFC MT|x86.ActiveCfg = Release|Win32
		{9ED54E44-8E5F-4161-9EDF-668C52E53E4E}.Release Unicode MFC MT|x86.Build.0 = Release|Win32
		{9ED54E44-8E5F-4161-9EDF-668C52E53E4E}.Release Unicode STL MD DLL|x64.ActiveCfg = Debug|Win32
		{9ED54E44-8E5F-4161-9EDF-668C52E53E4E}.Release Unicode STL MD DLL|x64.Build.0 = Debug|Win32
		{9ED54E44-8E5F-4161-9EDF-668C52E53E4E}.Release Unicode STL MD DLL|x86.ActiveCfg = Release|Win32
		{9ED54E44-8E5F-4161-9EDF-668C52E53E4E}.Release Unicode STL MD DLL|x86.Build.0 = Release|Win32
		{9ED54E44-8E5F-4161-9EDF-668C52E53E4E}.Release Unicode STL MD|x64.ActiveCfg = Debug|Win32
		{9ED54E44-8E5F-4161-9EDF-668C52E53E4E}.Release Unicode STL MD|x64.Build.0 = Debug|Win32
		{9ED54E44-8E5F-4161-9EDF-668C52E53E4E}.Release Unicode STL MD|x86.ActiveCfg = Release|Win32
		{9ED54E44-8E5F-4161-9EDF-668C52E53E4E}.Release Unicode STL MD|x86.Build.0 = Release|Win32
		{9ED54E44-8E5F-4161-9EDF-668C52E53E4E}.Release Unicode STL MT|x64.ActiveCfg = Debug|Win32
		{9ED54E44-8E5F-4161-9EDF-668C52E53E4E}.Release Unicode STL MT|x64.Build.0 = Debug|Win32
		{9ED54E44-8E5F-4161-9EDF-668C52E53E4E}.Release Unicode STL MT|x86.ActiveCfg = Release|Win32
		{9ED54E44-8E5F-4161-9EDF-668C52E53E4E}.Release Unicode STL MT|x86.Build.0 = Release|Win32
		{9ED54E44-8E5F-4161-9EDF-668C52E53E4E}.Release|x64.ActiveCfg = Release|Win32
		{9ED54E44-8E5F-4161-9EDF-668C52E53E4E}.Release|x86.ActiveCfg = Release|Win32
		{9ED54E44-8E5F-4161-9EDF-668C52E53E4E}.Release|x86.Build.0 = Release|Win32
		{9ED54E44-8E5F-4161-9EDF-668C52E53E4E}.Template|x64.ActiveCfg = Template|Win32
		{9ED54E44-8E5F-4161-9EDF-668C52E53E4E}.Template|x86.ActiveCfg = Template|Win32
		{9ED54E44-8E5F-4161-9EDF-668C52E53E4E}.Template|x86.Build.0 = Template|Win32
		{48A27F3A-7C6D-402D-80B9-B54E406F91D6}.Debug MFC MD DLL|x64.ActiveCfg = Debug|Win32
		{48A27F3A-7C6D-402D-80B9-B54E406F91D6}.Debug MFC MD DLL|x64.Build.0 = Debug|Win32
		{48A27F3A-7C6D-402D-80B9-B54E406F91D6}.Debug MFC MD DLL|x86.ActiveCfg = Debug|Win32
		{48A27F3A-7C6D-402D-80B9-B54E406F91D6}.Debug MFC MD DLL|x86.Build.0 = Debug|Win32
		{48A27F3A-7C6D-402D-80B9-B54E406F91D6}.Debug MFC MD|x64.ActiveCfg = Debug|Win32
		{48A27F3A-7C6D-402D-80B9-B54E406F91D6}.Debug MFC MD|x64.Build.0 = Debug|Win32
		{48A27F3A-7C6D-402D-80B9-B54E406F91D6}.Debug MFC MD|x86.ActiveCfg = Debug|Win32
		{48A27F3A-7C6D-402D-80B9-B54E406F91D6}.Debug MFC MD|x86.Build.0 = Debug|Win32
		{48A27F3A-7C6D-402D-80B9-B54E406F91D6}.Debug MFC MT|x64.ActiveCfg = Debug|Win32
		{48A27F3A-7C6D-402D-80B9-B54E406F91D6}.Debug MFC MT|x64.Build.0 = Debug|Win32
		{48A27F3A-7C6D-402D-80B9-B54E406F91D6}.Debug MFC MT|x86.ActiveCfg = Debug|Win32
		{48A27F3A-7C6D-402D-80B9-B54E406F91D6}.Debug MFC MT|x86.Build.0 = Debug|Win32
		{48A27F3A-7C6D-402D-80B9-B54E406F91D6}.Debug STL MD DLL|x64.ActiveCfg = Debug|Win32
		{48A27F3A-7C6D-402D-80B9-B54E406F91D6}.Debug STL MD DLL|x64.Build.0 = Debug|Win32
		{48A27F3A-7C6D-402D-80B9-B54E406F91D6}.Debug STL MD DLL|x86.ActiveCfg = Debug|Win32
		{48A27F3A-7C6D-402D-80B9-B54E406F91D6}.Debug STL MD DLL|x86.Build.0 = Debug|Win32
		{48A27F3A-7C6D-402D-80B9-B54E406F91D6}.Debug STL MD|x64.ActiveCfg = Debug|Win32
		{48A27F3A-7C6D-402D-80B9-B54E406F91D6}.Debug STL MD|x64.Build.0 = Debug|Win32
		{48A27F3A-7C6D-402D-80B9-B54E406F91D6}.Debug STL MD|x86.ActiveCfg = Debug|Win32
		{48A27F3A-7C6D-402D-80B9-B54E406F91D6}.Debug STL MD|x86.Build.0 = Debug|Win32
		{48A27F3A-7C6D-402D-80B9-B54E406F91D6}.Debug STL MT|x64.ActiveCfg = Debug|Win32
		{48A27F3A-7C6D-402D-80B9-B54E406F91D6}.Debug STL MT|x64.Build.0 = Debug|Win32
		{48A27F3A-7C6D-402D-80B9-B54E406F91D6}.Debug STL MT|x86.ActiveCfg = Debug|Win32
		{48A27F3A-7C6D-402D-80B9-B54E406F91D6}.Debug STL MT|x86.Build.0 = Debug|Win32
		{48A27F3A-7C6D-402D-80B9-B54E406F91D6}.Debug Unicode MFC MD DLL|x64.ActiveCfg = Debug|Win32
		{48A27F3A-7C6D-402D-80B9-B54E406F91D6}.Debug Unicode MFC MD DLL|x64.Build.0 = Debug|Win32
		{48A27F3A-7C6D-402D-80B9-B54E406F91D6}.Debug Unicode MFC MD DLL|x86.ActiveCfg = Debug|Win32
		{48A27F3A-7C6D-402D-80B9-B54E406F91D6}.Debug Unicode MFC MD DLL|x86.Build.0 = Debug|Win32
		{48A27F3A-7C6D-402D-80B9-B54E406F91D6}.Debug Unicode MFC MD|x64.ActiveCfg = Debug|Win32
		{48A27F3A-7C6D-402D-80B9-B54E406F91D6}.Debug Unicode MFC MD|x64.Build.0 = Debug|Win32
		{48A27F3A-7C6D-402D-80B9-B54E406F91D6}.Debug Unicode MFC MD|x86.ActiveCfg = Debug|Win32
		{48A27F3A-7C6D-402D-80B9-B54E406F91D6}.Debug Unicode MFC MD|x86.Build.0 = Debug|Win32
		{48A27F3A-7C6D-402D-80B9-B54E406F91D6}.Debug Unicode MFC MT|x64.ActiveCfg = Debug|Win32
		{48A27F3A-7C6D-402D-80B9-B54E406F91D6}.Debug Unicode MFC MT|x64.Build.0 = Debug|Win32
		{48A27F3A-7C6D-402D-80B9-B54E406F91D6}.Debug Unicode MFC MT|x86.ActiveCfg = Debug|Win32
		{48A27F3A-7C6D-402D-80B9-B54E406F91D6}.Debug Unicode MFC MT|x86.Build.0 = Debug|Win32
		{48A27F3A-7C6D-402D-80B9-B54E406F91D6}.Debug Unicode STL MD DLL|x64.ActiveCfg = Debug|Win32
		{48A27F3A-7C6D-402D-80B9-B54E406F91D6}.Debug Unicode STL MD DLL|x64.Build.0 = Debug|Win32
		{48A27F3A-7C6D-402D-80B9-B54E406F91D6}.Debug Unicode STL MD DLL|x86.ActiveCfg = Debug|Win32
		{48A27F3A-7C6D-402D-80B9-B54E406F91D6}.Debug Unicode STL MD DLL|x86.Build.0 = Debug|Win32
		{48A27F3A-7C6D-402D-80B9-B54E406F91D6}.Debug Unicode STL MD|x64.ActiveCfg = Debug|Win32
		{48A27F3A-7C6D-402D-80B9-B54E406F91D6}.Debug Unicode STL MD|x64.Build.0 = Debug|Win32
		{48A27F3A-7C6D-402D-80B9-B54E406F91D6}.Debug Unicode STL MD|x86.ActiveCfg = Debug|Win32
		{48A27F3A-7C6D-402D-80B9-B54E406F91D6}.Debug Unicode STL MD|x86.Build.0 = Debug|Win32
		{48A27F3A-7C6D-402D-80B9-B54E406F91D6}.Debug Unicode STL MT|x64.ActiveCfg = Debug|Win32
		{48A27F3A-7C6D-402D-80B9-B54E406F91D6}.Debug Unicode STL MT|x64.Build.0 = Debug|Win32
		{48A27F3A-7C6D-402D-80B9-B54E406F91D6}.Debug Unicode STL MT|x86.ActiveCfg = Debug|Win32
		{48A27F3A-7C6D-402D-80B9-B54E406F91D6}.Debug Unicode STL MT|x86.Build.0 = Debug|Win32
		{48A27F3A-7C6D-402D-80B9-B54E406F91D6}.Debug|x64.ActiveCfg = Debug|Win32
		{48A27F3A-7C6D-402D-80B9-B54E406F91D6}.Debug|x86.ActiveCfg = Debug|Win32
		{48A27F3A-7C6D-402D-80B9-B54E406F91D6}.Debug|x86.Build.0 = Debug|Win32
		{48A27F3A-7C6D-402D-80B9-B54E406F91D6}.Release MFC MD DLL|x64.ActiveCfg = Debug|Win32
		{48A27F3A-7C6D-402D-80B9-B54E406F91D6}.Release MFC MD DLL|x64.Build.0 = Debug|Win32
		{48A27F3A-7C6D-402D-80B9-B54E406F91D6}.Release MFC MD DLL|x86.ActiveCfg = Release|Win32
		{48A27F3A-7C6D-402D-80B9-B54E406F91D6}.Release MFC MD DLL|x86.Build.0 = Release|Win32
		{48A27F3A-7C6D-402D-80B9-B54E406F91D6}.Release MFC MD|x64.ActiveCfg = Debug|Win32
		{48A27F3A-7C6D-402D-80B9-B54E406F91D6}.Release MFC MD|x64.Build.0 = Debug|Win32
		{48A27F3A-7C6D-402D-80B9-B54E406F91D6}.Release MFC MD|x86.ActiveCfg = Release|Win32
		{48A27F3A-7C6D-402D-80B9-B54E406F91D6}.Release MFC MD|x86.Build.0 = Release|Win32
		{48A27F3A-7C6D-402D-80B9-B54E406F91D6}.Release MFC MT|x64.ActiveCfg = Debug|Win32
		{48A27F3A-7C6D-402D-80B9-B54E406F91D6}.Release MFC MT|x64.Build.0 = Debug|Win32
		{48A27F3A-7C6D-402D-80B9-B54E406F91D6}.Release MFC MT|x86.ActiveCfg = Release|Win32
		{48A27F3A-7C6D-402D-80B9-B54E406F91D6}.Release MFC MT|x86.Build.0 = Release|Win32
		{48A27F3A-7C6D-402D-80B9-B54E406F91D6}.Release STL MD DLL|x64.ActiveCfg = Debug|Win32
		{48A27F3A-7C6D-402D-80B9-B54E406F91D6}.Release STL MD DLL|x64.Build.0 = Debug|Win32
		{48A27F3A-7C6D-402D-80B9-B54E406F91D6}.Release STL MD DLL|x86.ActiveCfg = Release|Win32
		{48A27F3A-7C6D-402D-80B9-B54E406F91D6}.Release STL MD DLL|x86.Build.0 = Release|Win32
		{48A27F3A-7C6D-402D-80B9-B54E406F91D6}.Release STL MD|x64.ActiveCfg = Debug|Win32
		{48A27F3A-7C6D-402D-80B9-B54E406F91D6}.Release STL MD|x64.Build.0 = Debug|Win32
		{48A27F3A-7C6D-402D-80B9-B54E406F91D6}.Release STL MD|x86.ActiveCfg = Release|Win32
		{48A27F3A-7C6D-402D-80B9-B54E406F91D6}.Release STL MD|x86.Build.0 = Release|Win32
		{48A27F3A-7C6D-402D-80B9-B54E406F91D6}.Release STL MT|x64.ActiveCfg = Debug|Win32
		{48A27F3A-7C6D-402D-80B9-B54E406F91D6}.Release STL MT|x64.Build.0 = Debug|Win32
		{48A27F3A-7C6D-402D-80B9-B54E406F91D6}.Release STL MT|x86.ActiveCfg = Release|Win32
		{48A27F3A-7C6D-402D-80B9-B54E406F91D6}.Release STL MT|x86.Build.0 = Release|Win32
		{48A27F3A-7C6D-402D-80B9-B54E406F91D6}.Release Unicode MFC MD DLL|x64.ActiveCfg = Debug|Win32
		{48A27F3A-7C6D-402D-80B9-B54E406F91D6}.Release Unicode MFC MD DLL|x64.Build.0 = Debug|Win32
		{48A27F3A-7C6D-402D-80B9-B54E406F91D6}.Release Unicode MFC MD DLL|x86.ActiveCfg = Release|Win32
		{48A27F3A-7C6D-402D-80B9-B54E406F91D6}.Release Unicode MFC MD DLL|x86.Build.0 = Release|Win32
		{48A27F3A-7C6D-402D-80B9-B54E406F91D6}.Release Unicode MFC MD|x64.ActiveCfg = Debug|Win32
		{48A27F3A-7C6D-402D-80B9-B54E406F91D6}.Release Unicode MFC MD|x64.Build.0 = Debug|Win32
		{48A27F3A-7C6D-402D-80B9-B54E406F91D6}.Release Unicode MFC MD|x86.ActiveCfg = Release|Win32
		{48A27F3A-7C6D-402D-80B9-B54E406F91D6}.Release Unicode MFC MD|x86.Build.0 = Release|Win32
		{48A27F3A-7C6D-402D-80B9-B54E406F91D6}.Release Unicode MFC MT|x64.ActiveCfg = Debug|Win32
		{48A27F3A-7C6D-402D-80B9-B54E406F91D6}.Release Unicode MFC MT|x64.Build.0 = Debug|Win32
		{48A27F3A-7C6D-402D-80B9-B54E406F91D6}.Release Unicode MFC MT|x86.ActiveCfg = Release|Win32
		{48A27F3A-7C6D-402D-80B9-B54E406F91D6}.Release Unicode MFC MT|x86.Build.0 = Release|Win32
		{48A27F3A-7C6D-402D-80B9-B54E406F91D6}.Release Unicode STL MD DLL|x64.ActiveCfg = Debug|Win32
		{48A27F3A-7C6D-402D-80B9-B54E406F91D6}.Release Unicode STL MD DLL|x64.Build.0 = Debug|Win32
		{48A27F3A-7C6D-402D-80B9-B54E406F91D6}.Release Unicode STL MD DLL|x86.ActiveCfg = Release|Win32
		{48A27F3A-7C6D-402D-80B9-B54E406F91D6}.Release Unicode STL MD DLL|x86.Build.0 = Release|Win32
		{48A27F3A-7C6D-402D-80B9-B54E406F91D6}.Release Unicode STL MD|x64.ActiveCfg = Debug|Win32
		{48A27F3A-7C6D-402D-80B9-B54E406F91D6}.Release Unicode STL MD|x64.Build.0 = Debug|Win32
		{48A27F3A-7C6D-402D-80B9-B54E406F91D6}.Release Unicode STL MD|x86.ActiveCfg = Release|Win32
		{48A27F3A-7C6D-402D-80B9-B54E406F91D6}.Release Unicode STL MD|x86.Build.0 = Release|Win32
		{48A27F3A-7C6D-402D-80B9-B54E406F91D6}.Release Unicode STL MT|x64.ActiveCfg = Debug|Win32
		{48A27F3A-7C6D-402D-80B9-B54E406F91D6}.Release Unicode STL MT|x64.Build.0 = Debug|Win32
		{48A27F3A-7C6D-402D-80B9-B54E406F91D6}.Release Unicode STL MT|x86.ActiveCfg = Release|Win32
		{48A27F3A-7C6D-402D-80B9-B54E406F91D6}.Release Unicode STL MT|x86.Build.0 = Release|Win32
		{48A27F3A-7C6D-402D-80B9-B54E406F91D6}.Release|x64.ActiveCfg = Release|Win32
		{48A27F3A-7C6D-402D-80B9-B54E406F91D6}.Release|x86.ActiveCfg = Release|Win32
		{48A27F3A-7C6D-402D-80B9-B54E406F91D6}.Release|x86.Build.0 = Release|Win32
		{48A27F3A-7C6D-402D-80B9-B54E406F91D6}.Template|x64.ActiveCfg = Debug|Win32
		{48A27F3A-7C6D-402D-80B9-B54E406F91D6}.Template|x64.Build.0 = Debug|Win32
		{48A27F3A-7C6D-402D-80B9-B54E406F91D6}.Template|x86.ActiveCfg = Debug|Win32
		{48A27F3A-7C6D-402D-80B9-B54E406F91D6}.Template|x86.Build.0 = Debug|Win32
		{A51CF340-B0EA-4C9B-A2FA-4D7487692EF5}.Debug MFC MD DLL|x64.ActiveCfg = Debug MFC MD DLL|x64
		{A51CF340-B0EA-4C9B-A2FA-4D7487692EF5}.Debug MFC MD DLL|x64.Build.0 = Debug MFC MD DLL|x64
		{A51CF340-B0EA-4C9B-A2FA-4D7487692EF5}.Debug MFC MD DLL|x86.ActiveCfg = Debug MFC MD DLL|Win32
		{A51CF340-B0EA-4C9B-A2FA-4D7487692EF5}.Debug MFC MD DLL|x86.Build.0 = Debug MFC MD DLL|Win32
		{A51CF340-B0EA-4C9B-A2FA-4D7487692EF5}.Debug MFC MD|x64.ActiveCfg = Debug MFC MD|x64
		{A51CF340-B0EA-4C9B-A2FA-4D7487692EF5}.Debug MFC MD|x64.Build.0 = Debug MFC MD|x64
		{A51CF340-B0EA-4C9B-A2FA-4D7487692EF5}.Debug MFC MD|x86.ActiveCfg = Debug MFC MD|Win32
		{A51CF340-B0EA-4C9B-A2FA-4D7487692EF5}.Debug MFC MD|x86.Build.0 = Debug MFC MD|Win32
		{A51CF340-B0EA-4C9B-A2FA-4D7487692EF5}.Debug MFC MT|x64.ActiveCfg = Debug MFC MT|x64
		{A51CF340-B0EA-4C9B-A2FA-4D7487692EF5}.Debug MFC MT|x64.Build.0 = Debug MFC MT|x64
		{A51CF340-B0EA-4C9B-A2FA-4D7487692EF5}.Debug MFC MT|x86.ActiveCfg = Debug MFC MT|Win32
		{A51CF340-B0EA-4C9B-A2FA-4D7487692EF5}.Debug MFC MT|x86.Build.0 = Debug MFC MT|Win32
		{A51CF340-B0EA-4C9B-A2FA-4D7487692EF5}.Debug STL MD DLL|x64.ActiveCfg = Debug STL MD DLL|x64
		{A51CF340-B0EA-4C9B-A2FA-4D7487692EF5}.Debug STL MD DLL|x64.Build.0 = Debug STL MD DLL|x64
		{A51CF340-B0EA-4C9B-A2FA-4D7487692EF5}.Debug STL MD DLL|x86.ActiveCfg = Debug STL MD DLL|Win32
		{A51CF340-B0EA-4C9B-A2FA-4D7487692EF5}.Debug STL MD DLL|x86.Build.0 = Debug STL MD DLL|Win32
		{A51CF340-B0EA-4C9B-A2FA-4D7487692EF5}.Debug STL MD|x64.ActiveCfg = Debug STL MD|x64
		{A51CF340-B0EA-4C9B-A2FA-4D7487692EF5}.Debug STL MD|x64.Build.0 = Debug STL MD|x64
		{A51CF340-B0EA-4C9B-A2FA-4D7487692EF5}.Debug STL MD|x86.ActiveCfg = Debug STL MD|Win32
		{A51CF340-B0EA-4C9B-A2FA-4D7487692EF5}.Debug STL MD|x86.Build.0 = Debug STL MD|Win32
		{A51CF340-B0EA-4C9B-A2FA-4D7487692EF5}.Debug STL MT|x64.ActiveCfg = Debug STL MT|x64
		{A51CF340-B0EA-4C9B-A2FA-4D7487692EF5}.Debug STL MT|x64.Build.0 = Debug STL MT|x64
		{A51CF340-B0EA-4C9B-A2FA-4D7487692EF5}.Debug STL MT|x86.ActiveCfg = Debug STL MT|Win32
		{A51CF340-B0EA-4C9B-A2FA-4D7487692EF5}.Debug STL MT|x86.Build.0 = Debug STL MT|Win32
		{A51CF340-B0EA-4C9B-A2FA-4D7487692EF5}.Debug Unicode MFC MD DLL|x64.ActiveCfg = Debug Unicode MFC MD DLL|x64
		{A51CF340-B0EA-4C9B-A2FA-4D7487692EF5}.Debug Unicode MFC MD DLL|x64.Build.0 = Debug Unicode MFC MD DLL|x64
		{A51CF340-B0EA-4C9B-A2FA-4D7487692EF5}.Debug Unicode MFC MD DLL|x86.ActiveCfg = Debug Unicode MFC MD DLL|Win32
		{A51CF340-B0EA-4C9B-A2FA-4D7487692EF5}.Debug Unicode MFC MD DLL|x86.Build.0 = Debug Unicode MFC MD DLL|Win32
		{A51CF340-B0EA-4C9B-A2FA-4D7487692EF5}.Debug Unicode MFC MD|x64.ActiveCfg = Debug Unicode MFC MD|x64
		{A51CF340-B0EA-4C9B-A2FA-4D7487692EF5}.Debug Unicode MFC MD|x64.Build.0 = Debug Unicode MFC MD|x64
		{A51CF340-B0EA-4C9B-A2FA-4D7487692EF5}.Debug Unicode MFC MD|x86.ActiveCfg = Debug Unicode MFC MD|Win32
		{A51CF340-B0EA-4C9B-A2FA-4D7487692EF5}.Debug Unicode MFC MD|x86.Build.0 = Debug Unicode MFC MD|Win32
		{A51CF340-B0EA-4C9B-A2FA-4D7487692EF5}.Debug Unicode MFC MT|x64.ActiveCfg = Debug Unicode MFC MT|x64
		{A51CF340-B0EA-4C9B-A2FA-4D7487692EF5}.Debug Unicode MFC MT|x64.Build.0 = Debug Unicode MFC MT|x64
		{A51CF340-B0EA-4C9B-A2FA-4D7487692EF5}.Debug Unicode MFC MT|x86.ActiveCfg = Debug Unicode MFC MT|Win32
		{A51CF340-B0EA-4C9B-A2FA-4D7487692EF5}.Debug Unicode MFC MT|x86.Build.0 = Debug Unicode MFC MT|Win32
		{A51CF340-B0EA-4C9B-A2FA-4D7487692EF5}.Debug Unicode STL MD DLL|x64.ActiveCfg = Debug Unicode STL MD DLL|x64
		{A51CF340-B0EA-4C9B-A2FA-4D7487692EF5}.Debug Unicode STL MD DLL|x64.Build.0 = Debug Unicode STL MD DLL|x64
		{A51CF340-B0EA-4C9B-A2FA-4D7487692EF5}.Debug Unicode STL MD DLL|x86.ActiveCfg = Debug Unicode STL MD DLL|Win32
		{A51CF340-B0EA-4C9B-A2FA-4D7487692EF5}.Debug Unicode STL MD DLL|x86.Build.0 = Debug Unicode STL MD DLL|Win32
		{A51CF340-B0EA-4C9B-A2FA-4D7487692EF5}.Debug Unicode STL MD|x64.ActiveCfg = Debug Unicode STL MD|x64
		{A51CF340-B0EA-4C9B-A2FA-4D7487692EF5}.Debug Unicode STL MD|x64.Build.0 = Debug Unicode STL MD|x64
		{A51CF340-B0EA-4C9B-A2FA-4D7487692EF5}.Debug Unicode STL MD|x86.ActiveCfg = Debug Unicode STL MD|Win32
		{A51CF340-B0EA-4C9B-A2FA-4D7487692EF5}.Debug Unicode STL MD|x86.Build.0 = Debug Unicode STL MD|Win32
		{A51CF340-B0EA-4C9B-A2FA-4D7487692EF5}.Debug Unicode STL MT|x64.ActiveCfg = Debug Unicode STL MT|x64
		{A51CF340-B0EA-4C9B-A2FA-4D7487692EF5}.Debug Unicode STL MT|x64.Build.0 = Debug Unicode STL MT|x64
		{A51CF340-B0EA-4C9B-A2FA-4D7487692EF5}.Debug Unicode STL MT|x86.ActiveCfg = Debug Unicode STL MT|Win32
		{A51CF340-B0EA-4C9B-A2FA-4D7487692EF5}.Debug Unicode STL MT|x86.Build.0 = Debug Unicode STL MT|Win32
		{A51CF340-B0EA-4C9B-A2FA-4D7487692EF5}.Debug|x64.ActiveCfg = Debug Unicode MFC MD DLL|x64
		{A51CF340-B0EA-4C9B-A2FA-4D7487692EF5}.Debug|x64.Build.0 = Debug Unicode MFC MD DLL|x64
		{A51CF340-B0EA-4C9B-A2FA-4D7487692EF5}.Debug|x86.ActiveCfg = Debug Unicode MFC MD|Win32
		{A51CF340-B0EA-4C9B-A2FA-4D7487692EF5}.Debug|x86.Build.0 = Debug Unicode MFC MD|Win32
		{A51CF340-B0EA-4C9B-A2FA-4D7487692EF5}.Release MFC MD DLL|x64.ActiveCfg = Release MFC MD DLL|x64
		{A51CF340-B0EA-4C9B-A2FA-4D7487692EF5}.Release MFC MD DLL|x64.Build.0 = Release MFC MD DLL|x64
		{A51CF340-B0EA-4C9B-A2FA-4D7487692EF5}.Release MFC MD DLL|x86.ActiveCfg = Release MFC MD DLL|Win32
		{A51CF340-B0EA-4C9B-A2FA-4D7487692EF5}.Release MFC MD DLL|x86.Build.0 = Release MFC MD DLL|Win32
		{A51CF340-B0EA-4C9B-A2FA-4D7487692EF5}.Release MFC MD|x64.ActiveCfg = Release MFC MD|x64
		{A51CF340-B0EA-4C9B-A2FA-4D7487692EF5}.Release MFC MD|x64.Build.0 = Release MFC MD|x64
		{A51CF340-B0EA-4C9B-A2FA-4D7487692EF5}.Release MFC MD|x86.ActiveCfg = Release MFC MD|Win32
		{A51CF340-B0EA-4C9B-A2FA-4D7487692EF5}.Release MFC MD|x86.Build.0 = Release MFC MD|Win32
		{A51CF340-B0EA-4C9B-A2FA-4D7487692EF5}.Release MFC MT|x64.ActiveCfg = Release MFC MT|x64
		{A51CF340-B0EA-4C9B-A2FA-4D7487692EF5}.Release MFC MT|x64.Build.0 = Release MFC MT|x64
		{A51CF340-B0EA-4C9B-A2FA-4D7487692EF5}.Release MFC MT|x86.ActiveCfg = Release MFC MT|Win32
		{A51CF340-B0EA-4C9B-A2FA-4D7487692EF5}.Release MFC MT|x86.Build.0 = Release MFC MT|Win32
		{A51CF340-B0EA-4C9B-A2FA-4D7487692EF5}.Release STL MD DLL|x64.ActiveCfg = Release STL MD DLL|x64
		{A51CF340-B0EA-4C9B-A2FA-4D7487692EF5}.Release STL MD DLL|x64.Build.0 = Release STL MD DLL|x64
		{A51CF340-B0EA-4C9B-A2FA-4D7487692EF5}.Release STL MD DLL|x86.ActiveCfg = Release STL MD DLL|Win32
		{A51CF340-B0EA-4C9B-A2FA-4D7487692EF5}.Release STL MD DLL|x86.Build.0 = Release STL MD DLL|Win32
		{A51CF340-B0EA-4C9B-A2FA-4D7487692EF5}.Release STL MD|x64.ActiveCfg = Release STL MD|x64
		{A51CF340-B0EA-4C9B-A2FA-4D7487692EF5}.Release STL MD|x64.Build.0 = Release STL MD|x64
		{A51CF340-B0EA-4C9B-A2FA-4D7487692EF5}.Release STL MD|x86.ActiveCfg = Release STL MD|Win32
		{A51CF340-B0EA-4C9B-A2FA-4D7487692EF5}.Release STL MD|x86.Build.0 = Release STL MD|Win32
		{A51CF340-B0EA-4C9B-A2FA-4D7487692EF5}.Release STL MT|x64.ActiveCfg = Release STL MT|x64
		{A51CF340-B0EA-4C9B-A2FA-4D7487692EF5}.Release STL MT|x64.Build.0 = Release STL MT|x64
		{A51CF340-B0EA-4C9B-A2FA-4D7487692EF5}.Release STL MT|x86.ActiveCfg = Release STL MT|Win32
		{A51CF340-B0EA-4C9B-A2FA-4D7487692EF5}.Release STL MT|x86.Build.0 = Release STL MT|Win32
		{A51CF340-B0EA-4C9B-A2FA-4D7487692EF5}.Release Unicode MFC MD DLL|x64.ActiveCfg = Release Unicode MFC MD DLL|x64
		{A51CF340-B0EA-4C9B-A2FA-4D7487692EF5}.Release Unicode MFC MD DLL|x64.Build.0 = Release Unicode MFC MD DLL|x64
		{A51CF340-B0EA-4C9B-A2FA-4D7487692EF5}.Release Unicode MFC MD DLL|x86.ActiveCfg = Release Unicode MFC MD DLL|Win32
		{A51CF340-B0EA-4C9B-A2FA-4D7487692EF5}.Release Unicode MFC MD DLL|x86.Build.0 = Release Unicode MFC MD DLL|Win32
		{A51CF340-B0EA-4C9B-A2FA-4D7487692EF5}.Release Unicode MFC MD|x64.ActiveCfg = Release Unicode MFC MD|x64
		{A51CF340-B0EA-4C9B-A2FA-4D7487692EF5}.Release Unicode MFC MD|x64.Build.0 = Release Unicode MFC MD|x64
		{A51CF340-B0EA-4C9B-A2FA-4D7487692EF5}.Release Unicode MFC MD|x86.ActiveCfg = Release Unicode MFC MD|Win32
		{A51CF340-B0EA-4C9B-A2FA-4D7487692EF5}.Release Unicode MFC MD|x86.Build.0 = Release Unicode MFC MD|Win32
		{A51CF340-B0EA-4C9B-A2FA-4D7487692EF5}.Release Unicode MFC MT|x64.ActiveCfg = Release Unicode MFC MT|x64
		{A51CF340-B0EA-4C9B-A2FA-4D7487692EF5}.Release Unicode MFC MT|x64.Build.0 = Release Unicode MFC MT|x64
		{A51CF340-B0EA-4C9B-A2FA-4D7487692EF5}.Release Unicode MFC MT|x86.ActiveCfg = Release Unicode MFC MT|Win32
		{A51CF340-B0EA-4C9B-A2FA-4D7487692EF5}.Release Unicode MFC MT|x86.Build.0 = Release Unicode MFC MT|Win32
		{A51CF340-B0EA-4C9B-A2FA-4D7487692EF5}.Release Unicode STL MD DLL|x64.ActiveCfg = Release Unicode STL MD DLL|x64
		{A51CF340-B0EA-4C9B-A2FA-4D7487692EF5}.Release Unicode STL MD DLL|x64.Build.0 = Release Unicode STL MD DLL|x64
		{A51CF340-B0EA-4C9B-A2FA-4D7487692EF5}.Release Unicode STL MD DLL|x86.ActiveCfg = Release Unicode STL MD DLL|Win32
		{A51CF340-B0EA-4C9B-A2FA-4D7487692EF5}.Release Unicode STL MD DLL|x86.Build.0 = Release Unicode STL MD DLL|Win32
		{A51CF340-B0EA-4C9B-A2FA-4D7487692EF5}.Release Unicode STL MD|x64.ActiveCfg = Release Unicode STL MD|x64
		{A51CF340-B0EA-4C9B-A2FA-4D7487692EF5}.Release Unicode STL MD|x64.Build.0 = Release Unicode STL MD|x64
		{A51CF340-B0EA-4C9B-A2FA-4D7487692EF5}.Release Unicode STL MD|x86.ActiveCfg = Release Unicode STL MD|Win32
		{A51CF340-B0EA-4C9B-A2FA-4D7487692EF5}.Release Unicode STL MD|x86.Build.0 = Release Unicode STL MD|Win32
		{A51CF340-B0EA-4C9B-A2FA-4D7487692EF5}.Release Unicode STL MT|x64.ActiveCfg = Release Unicode STL MT|x64
		{A51CF340-B0EA-4C9B-A2FA-4D7487692EF5}.Release Unicode STL MT|x64.Build.0 = Release Unicode STL MT|x64
		{A51CF340-B0EA-4C9B-A2FA-4D7487692EF5}.Release Unicode STL MT|x86.ActiveCfg = Release Unicode STL MT|Win32
		{A51CF340-B0EA-4C9B-A2FA-4D7487692EF5}.Release Unicode STL MT|x86.Build.0 = Release Unicode STL MT|Win32
		{A51CF340-B0EA-4C9B-A2FA-4D7487692EF5}.Release|x64.ActiveCfg = Release Unicode MFC MD DLL|x64
		{A51CF340-B0EA-4C9B-A2FA-4D7487692EF5}.Release|x64.Build.0 = Release Unicode MFC MD DLL|x64
		{A51CF340-B0EA-4C9B-A2FA-4D7487692EF5}.Release|x86.ActiveCfg = Release Unicode MFC MD|Win32
		{A51CF340-B0EA-4C9B-A2FA-4D7487692EF5}.Release|x86.Build.0 = Release Unicode MFC MD|Win32
		{A51CF340-B0EA-4C9B-A2FA-4D7487692EF5}.Template|x64.ActiveCfg = Release Unicode MFC MD DLL|x64
		{A51CF340-B0EA-4C9B-A2FA-4D7487692EF5}.Template|x64.Build.0 = Release Unicode MFC MD DLL|x64
		{A51CF340-B0EA-4C9B-A2FA-4D7487692EF5}.Template|x86.ActiveCfg = Release MFC MD DLL|Win32
		{A51CF340-B0EA-4C9B-A2FA-4D7487692EF5}.Template|x86.Build.0 = Release MFC MD DLL|Win32
		{AB7E19C5-95EE-4777-97AD-0601FBDA896B}.Debug MFC MD DLL|x64.ActiveCfg = Debug|Win32
		{AB7E19C5-95EE-4777-97AD-0601FBDA896B}.Debug MFC MD DLL|x64.Build.0 = Debug|Win32
		{AB7E19C5-95EE-4777-97AD-0601FBDA896B}.Debug MFC MD DLL|x86.ActiveCfg = Debug|Win32
		{AB7E19C5-95EE-4777-97AD-0601FBDA896B}.Debug MFC MD DLL|x86.Build.0 = Debug|Win32
		{AB7E19C5-95EE-4777-97AD-0601FBDA896B}.Debug MFC MD|x64.ActiveCfg = Debug|Win32
		{AB7E19C5-95EE-4777-97AD-0601FBDA896B}.Debug MFC MD|x64.Build.0 = Debug|Win32
		{AB7E19C5-95EE-4777-97AD-0601FBDA896B}.Debug MFC MD|x86.ActiveCfg = Debug|Win32
		{AB7E19C5-95EE-4777-97AD-0601FBDA896B}.Debug MFC MD|x86.Build.0 = Debug|Win32
		{AB7E19C5-95EE-4777-97AD-0601FBDA896B}.Debug MFC MT|x64.ActiveCfg = Debug|Win32
		{AB7E19C5-95EE-4777-97AD-0601FBDA896B}.Debug MFC MT|x64.Build.0 = Debug|Win32
		{AB7E19C5-95EE-4777-97AD-0601FBDA896B}.Debug MFC MT|x86.ActiveCfg = Debug|Win32
		{AB7E19C5-95EE-4777-97AD-0601FBDA896B}.Debug MFC MT|x86.Build.0 = Debug|Win32
		{AB7E19C5-95EE-4777-97AD-0601FBDA896B}.Debug STL MD DLL|x64.ActiveCfg = Debug|Win32
		{AB7E19C5-95EE-4777-97AD-0601FBDA896B}.Debug STL MD DLL|x64.Build.0 = Debug|Win32
		{AB7E19C5-95EE-4777-97AD-0601FBDA896B}.Debug STL MD DLL|x86.ActiveCfg = Debug|Win32
		{AB7E19C5-95EE-4777-97AD-0601FBDA896B}.Debug STL MD DLL|x86.Build.0 = Debug|Win32
		{AB7E19C5-95EE-4777-97AD-0601FBDA896B}.Debug STL MD|x64.ActiveCfg = Debug|Win32
		{AB7E19C5-95EE-4777-97AD-0601FBDA896B}.Debug STL MD|x64.Build.0 = Debug|Win32
		{AB7E19C5-95EE-4777-97AD-0601FBDA896B}.Debug STL MD|x86.ActiveCfg = Debug|Win32
		{AB7E19C5-95EE-4777-97AD-0601FBDA896B}.Debug STL MD|x86.Build.0 = Debug|Win32
		{AB7E19C5-95EE-4777-97AD-0601FBDA896B}.Debug STL MT|x64.ActiveCfg = Debug|Win32
		{AB7E19C5-95EE-4777-97AD-0601FBDA896B}.Debug STL MT|x64.Build.0 = Debug|Win32
		{AB7E19C5-95EE-4777-97AD-0601FBDA896B}.Debug STL MT|x86.ActiveCfg = Debug|Win32
		{AB7E19C5-95EE-4777-97AD-0601FBDA896B}.Debug STL MT|x86.Build.0 = Debug|Win32
		{AB7E19C5-95EE-4777-97AD-0601FBDA896B}.Debug Unicode MFC MD DLL|x64.ActiveCfg = Debug|Win32
		{AB7E19C5-95EE-4777-97AD-0601FBDA896B}.Debug Unicode MFC MD DLL|x64.Build.0 = Debug|Win32
		{AB7E19C5-95EE-4777-97AD-0601FBDA896B}.Debug Unicode MFC MD DLL|x86.ActiveCfg = Debug|Win32
		{AB7E19C5-95EE-4777-97AD-0601FBDA896B}.Debug Unicode MFC MD DLL|x86.Build.0 = Debug|Win32
		{AB7E19C5-95EE-4777-97AD-0601FBDA896B}.Debug Unicode MFC MD|x64.ActiveCfg = Debug|Win32
		{AB7E19C5-95EE-4777-97AD-0601FBDA896B}.Debug Unicode MFC MD|x64.Build.0 = Debug|Win32
		{AB7E19C5-95EE-4777-97AD-0601FBDA896B}.Debug Unicode MFC MD|x86.ActiveCfg = Debug|Win32
		{AB7E19C5-95EE-4777-97AD-0601FBDA896B}.Debug Unicode MFC MD|x86.Build.0 = Debug|Win32
		{AB7E19C5-95EE-4777-97AD-0601FBDA896B}.Debug Unicode MFC MT|x64.ActiveCfg = Debug|Win32
		{AB7E19C5-95EE-4777-97AD-0601FBDA896B}.Debug Unicode MFC MT|x64.Build.0 = Debug|Win32
		{AB7E19C5-95EE-4777-97AD-0601FBDA896B}.Debug Unicode MFC MT|x86.ActiveCfg = Debug|Win32
		{AB7E19C5-95EE-4777-97AD-0601FBDA896B}.Debug Unicode MFC MT|x86.Build.0 = Debug|Win32
		{AB7E19C5-95EE-4777-97AD-0601FBDA896B}.Debug Unicode STL MD DLL|x64.ActiveCfg = Debug|Win32
		{AB7E19C5-95EE-4777-97AD-0601FBDA896B}.Debug Unicode STL MD DLL|x64.Build.0 = Debug|Win32
		{AB7E19C5-95EE-4777-97AD-0601FBDA896B}.Debug Unicode STL MD DLL|x86.ActiveCfg = Debug|Win32
		{AB7E19C5-95EE-4777-97AD-0601FBDA896B}.Debug Unicode STL MD DLL|x86.Build.0 = Debug|Win32
		{AB7E19C5-95EE-4777-97AD-0601FBDA896B}.Debug Unicode STL MD|x64.ActiveCfg = Debug|Win32
		{AB7E19C5-95EE-4777-97AD-0601FBDA896B}.Debug Unicode STL MD|x64.Build.0 = Debug|Win32
		{AB7E19C5-95EE-4777-97AD-0601FBDA896B}.Debug Unicode STL MD|x86.ActiveCfg = Debug|Win32
		{AB7E19C5-95EE-4777-97AD-0601FBDA896B}.Debug Unicode STL MD|x86.Build.0 = Debug|Win32
		{AB7E19C5-95EE-4777-97AD-0601FBDA896B}.Debug Unicode STL MT|x64.ActiveCfg = Debug|Win32
		{AB7E19C5-95EE-4777-97AD-0601FBDA896B}.Debug Unicode STL MT|x64.Build.0 = Debug|Win32
		{AB7E19C5-95EE-4777-97AD-0601FBDA896B}.Debug Unicode STL MT|x86.ActiveCfg = Debug|Win32
		{AB7E19C5-95EE-4777-97AD-0601FBDA896B}.Debug Unicode STL MT|x86.Build.0 = Debug|Win32
		{AB7E19C5-95EE-4777-97AD-0601FBDA896B}.Debug|x64.ActiveCfg = Debug|Win32
		{AB7E19C5-95EE-4777-97AD-0601FBDA896B}.Debug|x86.ActiveCfg = Debug|Win32
		{AB7E19C5-95EE-4777-97AD-0601FBDA896B}.Debug|x86.Build.0 = Debug|Win32
		{AB7E19C5-95EE-4777-97AD-0601FBDA896B}.Release MFC MD DLL|x64.ActiveCfg = Debug|Win32
		{AB7E19C5-95EE-4777-97AD-0601FBDA896B}.Release MFC MD DLL|x64.Build.0 = Debug|Win32
		{AB7E19C5-95EE-4777-97AD-0601FBDA896B}.Release MFC MD DLL|x86.ActiveCfg = Release|Win32
		{AB7E19C5-95EE-4777-97AD-0601FBDA896B}.Release MFC MD DLL|x86.Build.0 = Release|Win32
		{AB7E19C5-95EE-4777-97AD-0601FBDA896B}.Release MFC MD|x64.ActiveCfg = Debug|Win32
		{AB7E19C5-95EE-4777-97AD-0601FBDA896B}.Release MFC MD|x64.Build.0 = Debug|Win32
		{AB7E19C5-95EE-4777-97AD-0601FBDA896B}.Release MFC MD|x86.ActiveCfg = Release|Win32
		{AB7E19C5-95EE-4777-97AD-0601FBDA896B}.Release MFC MD|x86.Build.0 = Release|Win32
		{AB7E19C5-95EE-4777-97AD-0601FBDA896B}.Release MFC MT|x64.ActiveCfg = Debug|Win32
		{AB7E19C5-95EE-4777-97AD-0601FBDA896B}.Release MFC MT|x64.Build.0 = Debug|Win32
		{AB7E19C5-95EE-4777-97AD-0601FBDA896B}.Release MFC MT|x86.ActiveCfg = Release|Win32
		{AB7E19C5-95EE-4777-97AD-0601FBDA896B}.Release MFC MT|x86.Build.0 = Release|Win32
		{AB7E19C5-95EE-4777-97AD-0601FBDA896B}.Release STL MD DLL|x64.ActiveCfg = Debug|Win32
		{AB7E19C5-95EE-4777-97AD-0601FBDA896B}.Release STL MD DLL|x64.Build.0 = Debug|Win32
		{AB7E19C5-95EE-4777-97AD-0601FBDA896B}.Release STL MD DLL|x86.ActiveCfg = Release|Win32
		{AB7E19C5-95EE-4777-97AD-0601FBDA896B}.Release STL MD DLL|x86.Build.0 = Release|Win32
		{AB7E19C5-95EE-4777-97AD-0601FBDA896B}.Release STL MD|x64.ActiveCfg = Debug|Win32
		{AB7E19C5-95EE-4777-97AD-0601FBDA896B}.Release STL MD|x64.Build.0 = Debug|Win32
		{AB7E19C5-95EE-4777-97AD-0601FBDA896B}.Release STL MD|x86.ActiveCfg = Release|Win32
		{AB7E19C5-95EE-4777-97AD-0601FBDA896B}.Release STL MD|x86.Build.0 = Release|Win32
		{AB7E19C5-95EE-4777-97AD-0601FBDA896B}.Release STL MT|x64.ActiveCfg = Debug|Win32
		{AB7E19C5-95EE-4777-97AD-0601FBDA896B}.Release STL MT|x64.Build.0 = Debug|Win32
		{AB7E19C5-95EE-4777-97AD-0601FBDA896B}.Release STL MT|x86.ActiveCfg = Release|Win32
		{AB7E19C5-95EE-4777-97AD-0601FBDA896B}.Release STL MT|x86.Build.0 = Release|Win32
		{AB7E19C5-95EE-4777-97AD-0601FBDA896B}.Release Unicode MFC MD DLL|x64.ActiveCfg = Debug|Win32
		{AB7E19C5-95EE-4777-97AD-0601FBDA896B}.Release Unicode MFC MD DLL|x64.Build.0 = Debug|Win32
		{AB7E19C5-95EE-4777-97AD-0601FBDA896B}.Release Unicode MFC MD DLL|x86.ActiveCfg = Release|Win32
		{AB7E19C5-95EE-4777-97AD-0601FBDA896B}.Release Unicode MFC MD DLL|x86.Build.0 = Release|Win32
		{AB7E19C5-95EE-4777-97AD-0601FBDA896B}.Release Unicode MFC MD|x64.ActiveCfg = Debug|Win32
		{AB7E19C5-95EE-4777-97AD-0601FBDA896B}.Release Unicode MFC MD|x64.Build.0 = Debug|Win32
		{AB7E19C5-95EE-4777-97AD-0601FBDA896B}.Release Unicode MFC MD|x86.ActiveCfg = Release|Win32
		{AB7E19C5-95EE-4777-97AD-0601FBDA896B}.Release Unicode MFC MD|x86.Build.0 = Release|Win32
		{AB7E19C5-95EE-4777-97AD-0601FBDA896B}.Release Unicode MFC MT|x64.ActiveCfg = Debug|Win32
		{AB7E19C5-95EE-4777-97AD-0601FBDA896B}.Release Unicode MFC MT|x64.Build.0 = Debug|Win32
		{AB7E19C5-95EE-4777-97AD-0601FBDA896B}.Release Unicode MFC MT|x86.ActiveCfg = Release|Win32
		{AB7E19C5-95EE-4777-97AD-0601FBDA896B}.Release Unicode MFC MT|x86.Build.0 = Release|Win32
		{AB7E19C5-95EE-4777-97AD-0601FBDA896B}.Release Unicode STL MD DLL|x64.ActiveCfg = Debug|Win32
		{AB7E19C5-95EE-4777-97AD-0601FBDA896B}.Release Unicode STL MD DLL|x64.Build.0 = Debug|Win32
		{AB7E19C5-95EE-4777-97AD-0601FBDA896B}.Release Unicode STL MD DLL|x86.ActiveCfg = Release|Win32
		{AB7E19C5-95EE-4777-97AD-0601FBDA896B}.Release Unicode STL MD DLL|x86.Build.0 = Release|Win32
		{AB7E19C5-95EE-4777-97AD-0601FBDA896B}.Release Unicode STL MD|x64.ActiveCfg = Debug|Win32
		{AB7E19C5-95EE-4777-97AD-0601FBDA896B}.Release Unicode STL MD|x64.Build.0 = Debug|Win32
		{AB7E19C5-95EE-4777-97AD-0601FBDA896B}.Release Unicode STL MD|x86.ActiveCfg = Release|Win32
		{AB7E19C5-95EE-4777-97AD-0601FBDA896B}.Release Unicode STL MD|x86.Build.0 = Release|Win32
		{AB7E19C5-95EE-4777-97AD-0601FBDA896B}.Release Unicode STL MT|x64.ActiveCfg = Debug|Win32
		{AB7E19C5-95EE-4777-97AD-0601FBDA896B}.Release Unicode STL MT|x64.Build.0 = Debug|Win32
		{AB7E19C5-95EE-4777-97AD-0601FBDA896B}.Release Unicode STL MT|x86.ActiveCfg = Release|Win32
		{AB7E19C5-95EE-4777-97AD-0601FBDA896B}.Release Unicode STL MT|x86.Build.0 = Release|Win32
		{AB7E19C5-95EE-4777-97AD-0601FBDA896B}.Release|x64.ActiveCfg = Release|Win32
		{AB7E19C5-95EE-4777-97AD-0601FBDA896B}.Release|x86.ActiveCfg = Release|Win32
		{AB7E19C5-95EE-4777-97AD-0601FBDA896B}.Release|x86.Build.0 = Release|Win32
		{AB7E19C5-95EE-4777-97AD-0601FBDA896B}.Template|x64.ActiveCfg = Debug|Win32
		{AB7E19C5-95EE-4777-97AD-0601FBDA896B}.Template|x64.Build.0 = Debug|Win32
		{AB7E19C5-95EE-4777-97AD-0601FBDA896B}.Template|x86.ActiveCfg = Debug|Win32
		{AB7E19C5-95EE-4777-97AD-0601FBDA896B}.Template|x86.Build.0 = Debug|Win32
	EndGlobalSection
	GlobalSection(SolutionProperties) = preSolution
		HideSolutionNode = FALSE
	EndGlobalSection
	GlobalSection(ExtensibilityGlobals) = postSolution
		SolutionGuid = {AF3A9A3A-005B-46B7-BDA7-2C7072610849}
	EndGlobalSection
EndGlobal
