<?xml version="1.0" encoding="utf-8"?>
<Project ToolsVersion="4.0" xmlns="http://schemas.microsoft.com/developer/msbuild/2003">
  <ItemGroup>
    <Filter Include="Header Files">
      <UniqueIdentifier>{2dd2bf65-cc7c-4d9c-9249-86d5e3887009}</UniqueIdentifier>
      <Extensions>h;hpp;hxx;hm;inl;inc</Extensions>
    </Filter>
    <Filter Include="Resource Files">
      <UniqueIdentifier>{d9dc6621-b320-4c5c-90f0-519563b41ba2}</UniqueIdentifier>
      <Extensions>rc;ico;cur;bmp;dlg;rc2;rct;bin;rgs;jpg;jpeg;jpe;manifest</Extensions>
    </Filter>
    <Filter Include="Source Files">
      <UniqueIdentifier>{5a6959d4-4bf0-4570-acbc-c1d27c7ba4b2}</UniqueIdentifier>
      <Extensions>cpp;c;cxx;def;odl;idl;hpj;bat;asm</Extensions>
    </Filter>
    <Filter Include="Help Files">
      <UniqueIdentifier>{2c144168-06cd-4e74-8750-b4ade279c49b}</UniqueIdentifier>
    </Filter>
  </ItemGroup>
  <ItemGroup>
    <ClCompile Include="AssocDlg.cpp">
      <Filter>Source Files</Filter>
    </ClCompile>
    <ClCompile Include="ChangeNotification.cpp">
      <Filter>Source Files</Filter>
    </ClCompile>
    <ClCompile Include="ColorsDlg.cpp">
      <Filter>Source Files</Filter>
    </ClCompile>
    <ClCompile Include="ComboBoxDir.cpp">
      <Filter>Source Files</Filter>
    </ClCompile>
    <ClCompile Include="ConvertUTF.c">
      <Filter>Source Files</Filter>
    </ClCompile>
    <ClCompile Include="crctab.c">
      <Filter>Source Files</Filter>
    </ClCompile>
    <ClCompile Include="crc_i386.c">
      <Filter>Source Files</Filter>
    </ClCompile>
    <ClCompile Include="DialogReplace.cpp">
      <Filter>Source Files</Filter>
    </ClCompile>
    <ClCompile Include="DocDir.cpp">
      <Filter>Source Files</Filter>
    </ClCompile>
    <ClCompile Include="DocDirNative.cpp">
      <Filter>Source Files</Filter>
    </ClCompile>
    <ClCompile Include="DocDirZipRoot.cpp">
      <Filter>Source Files</Filter>
    </ClCompile>
    <ClCompile Include="DocDirZipSub.cpp">
      <Filter>Source Files</Filter>
    </ClCompile>
    <ClCompile Include="DocFileSync.cpp">
      <Filter>Source Files</Filter>
    </ClCompile>
    <ClCompile Include="DocHex.cpp">
      <Filter>Source Files</Filter>
    </ClCompile>
    <ClCompile Include="DocManFileSync.cpp">
      <Filter>Source Files</Filter>
    </ClCompile>
    <ClCompile Include="DocTemplFileSync.cpp">
      <Filter>Source Files</Filter>
    </ClCompile>
    <ClCompile Include="DocText.cpp">
      <Filter>Source Files</Filter>
    </ClCompile>
    <ClCompile Include="DocXml.cpp">
      <Filter>Source Files</Filter>
    </ClCompile>
    <ClCompile Include="DragDropImpl.cpp">
      <Filter>Source Files</Filter>
    </ClCompile>
    <ClCompile Include="DualListBox.cpp">
      <Filter>Source Files</Filter>
    </ClCompile>
    <ClCompile Include="DualTreeCtrl.cpp">
      <Filter>Source Files</Filter>
    </ClCompile>
    <ClCompile Include="DualTreeDir.cpp">
      <Filter>Source Files</Filter>
    </ClCompile>
    <ClCompile Include="DualTreeItem.cpp">
      <Filter>Source Files</Filter>
    </ClCompile>
    <ClCompile Include="EditLine.cpp">
      <Filter>Source Files</Filter>
    </ClCompile>
    <ClCompile Include="FileDialogExt.cpp">
      <Filter>Source Files</Filter>
    </ClCompile>
    <ClCompile Include="FileSync.cpp">
      <Filter>Source Files</Filter>
    </ClCompile>
    <ClCompile Include="MainFrm.cpp">
      <Filter>Source Files</Filter>
    </ClCompile>
    <ClCompile Include="PIDL.cpp">
      <Filter>Source Files</Filter>
    </ClCompile>
    <ClCompile Include="PrefDlg.cpp">
      <Filter>Source Files</Filter>
    </ClCompile>
    <ClCompile Include="REBProgressDialog.cpp">
      <Filter>Source Files</Filter>
    </ClCompile>
    <ClCompile Include="stdafx.cpp">
      <Filter>Source Files</Filter>
    </ClCompile>
    <ClCompile Include="StringDiff.cpp">
      <Filter>Source Files</Filter>
    </ClCompile>
    <ClCompile Include="TitleTip.cpp">
      <Filter>Source Files</Filter>
    </ClCompile>
    <ClCompile Include="TitleTipListBox.cpp">
      <Filter>Source Files</Filter>
    </ClCompile>
    <ClCompile Include="ToolBarFixed.cpp">
      <Filter>Source Files</Filter>
    </ClCompile>
    <ClCompile Include="ToolBarSearch.cpp">
      <Filter>Source Files</Filter>
    </ClCompile>
    <ClCompile Include="UndoBuffer.cpp">
      <Filter>Source Files</Filter>
    </ClCompile>
    <ClCompile Include="UndoDelete.cpp">
      <Filter>Source Files</Filter>
    </ClCompile>
    <ClCompile Include="UndoDir.cpp">
      <Filter>Source Files</Filter>
    </ClCompile>
    <ClCompile Include="UndoInsertAfter.cpp">
      <Filter>Source Files</Filter>
    </ClCompile>
    <ClCompile Include="UndoInsertBefore.cpp">
      <Filter>Source Files</Filter>
    </ClCompile>
    <ClCompile Include="UndoInsertText.cpp">
      <Filter>Source Files</Filter>
    </ClCompile>
    <ClCompile Include="UndoReplace.cpp">
      <Filter>Source Files</Filter>
    </ClCompile>
    <ClCompile Include="UndoTask.cpp">
      <Filter>Source Files</Filter>
    </ClCompile>
    <ClCompile Include="UndoTaskFileSync.cpp">
      <Filter>Source Files</Filter>
    </ClCompile>
    <ClCompile Include="UndoViewText.cpp">
      <Filter>Source Files</Filter>
    </ClCompile>
    <ClCompile Include="ViewDir.cpp">
      <Filter>Source Files</Filter>
    </ClCompile>
    <ClCompile Include="ViewDirItem.cpp">
      <Filter>Source Files</Filter>
    </ClCompile>
    <ClCompile Include="ViewFileSync.cpp">
      <Filter>Source Files</Filter>
    </ClCompile>
    <ClCompile Include="ViewHex.cpp">
      <Filter>Source Files</Filter>
    </ClCompile>
    <ClCompile Include="ViewList.cpp">
      <Filter>Source Files</Filter>
    </ClCompile>
    <ClCompile Include="ViewText.cpp">
      <Filter>Source Files</Filter>
    </ClCompile>
    <ClCompile Include="ViewXml.cpp">
      <Filter>Source Files</Filter>
    </ClCompile>
    <ClCompile Include="ToolButton.cpp">
      <Filter>Source Files</Filter>
    </ClCompile>
    <ClCompile Include="ListBoxMode.cpp">
      <Filter>Source Files</Filter>
    </ClCompile>
    <ClCompile Include="BitmapTransparent.cpp">
      <Filter>Source Files</Filter>
    </ClCompile>
    <ClCompile Include="UndoReplaceText.cpp">
      <Filter>Source Files</Filter>
    </ClCompile>
    <ClCompile Include="TaskBase.cpp">
      <Filter>Source Files</Filter>
    </ClCompile>
    <ClCompile Include="ThreadBack.cpp">
      <Filter>Source Files</Filter>
    </ClCompile>
    <ClCompile Include="TaskDirScan.cpp">
      <Filter>Source Files</Filter>
    </ClCompile>
    <ClCompile Include="DirEntry.cpp">
      <Filter>Source Files</Filter>
    </ClCompile>
    <ClCompile Include="ListDirEntries.cpp">
      <Filter>Source Files</Filter>
    </ClCompile>
    <ClCompile Include="DualTreeDirData.cpp">
      <Filter>Source Files</Filter>
    </ClCompile>
    <ClCompile Include="TaskDirDep.cpp">
      <Filter>Source Files</Filter>
    </ClCompile>
    <ClCompile Include="TaskDirCompFiles.cpp">
      <Filter>Source Files</Filter>
    </ClCompile>
    <ClCompile Include="TaskIdle.cpp">
      <Filter>Source Files</Filter>
    </ClCompile>
    <ClCompile Include="TaskIdleUpd.cpp">
      <Filter>Source Files</Filter>
    </ClCompile>
    <ClCompile Include="TaskIdleDel.cpp">
      <Filter>Source Files</Filter>
    </ClCompile>
    <ClCompile Include="TaskIdleInv.cpp">
      <Filter>Source Files</Filter>
    </ClCompile>
    <ClCompile Include="TaskIdleExp.cpp">
      <Filter>Source Files</Filter>
    </ClCompile>
    <ClCompile Include="TaskDirExp.cpp">
      <Filter>Source Files</Filter>
    </ClCompile>
    <ClCompile Include="Storage.cpp">
      <Filter>Source Files</Filter>
    </ClCompile>
    <ClCompile Include="DocDirIsoSub.cpp">
      <Filter>Source Files</Filter>
    </ClCompile>
    <ClCompile Include="DocDirIsoRoot.cpp">
      <Filter>Source Files</Filter>
    </ClCompile>
    <ClCompile Include="Ping.cpp">
      <Filter>Source Files</Filter>
    </ClCompile>
    <ClCompile Include="DlgOverwriteNewer.cpp">
      <Filter>Source Files</Filter>
    </ClCompile>
    <ClCompile Include="DocFile.cpp">
      <Filter>Source Files</Filter>
    </ClCompile>
    <ClCompile Include="DocDirArchive.cpp">
      <Filter>Source Files</Filter>
    </ClCompile>
    <ClCompile Include="ArcRoot.cpp">
      <Filter>Source Files</Filter>
    </ClCompile>
  </ItemGroup>
  <ItemGroup>
    <ClInclude Include="AssocDlg.h">
      <Filter>Header Files</Filter>
    </ClInclude>
    <ClInclude Include="ChangeNotification.h">
      <Filter>Header Files</Filter>
    </ClInclude>
    <ClInclude Include="ColorsDlg.h">
      <Filter>Header Files</Filter>
    </ClInclude>
    <ClInclude Include="ComboBoxDir.h">
      <Filter>Header Files</Filter>
    </ClInclude>
    <ClInclude Include="ConvertUTF.h">
      <Filter>Header Files</Filter>
    </ClInclude>
    <ClInclude Include="DialogReplace.h">
      <Filter>Header Files</Filter>
    </ClInclude>
    <ClInclude Include="DocDir.h">
      <Filter>Header Files</Filter>
    </ClInclude>
    <ClInclude Include="DocDirNative.h">
      <Filter>Header Files</Filter>
    </ClInclude>
    <ClInclude Include="DocDirZipRoot.h">
      <Filter>Header Files</Filter>
    </ClInclude>
    <ClInclude Include="DocDirZipSub.h">
      <Filter>Header Files</Filter>
    </ClInclude>
    <ClInclude Include="DocFileSync.h">
      <Filter>Header Files</Filter>
    </ClInclude>
    <ClInclude Include="DocHex.h">
      <Filter>Header Files</Filter>
    </ClInclude>
    <ClInclude Include="DocManFileSync.h">
      <Filter>Header Files</Filter>
    </ClInclude>
    <ClInclude Include="DocTemplFileSync.h">
      <Filter>Header Files</Filter>
    </ClInclude>
    <ClInclude Include="DocText.h">
      <Filter>Header Files</Filter>
    </ClInclude>
    <ClInclude Include="DocXml.h">
      <Filter>Header Files</Filter>
    </ClInclude>
    <ClInclude Include="DragDropImpl.h">
      <Filter>Header Files</Filter>
    </ClInclude>
    <ClInclude Include="DualListBox.h">
      <Filter>Header Files</Filter>
    </ClInclude>
    <ClInclude Include="DualTree.h">
      <Filter>Header Files</Filter>
    </ClInclude>
    <ClInclude Include="DualTreeCtrl.h">
      <Filter>Header Files</Filter>
    </ClInclude>
    <ClInclude Include="DualTreeDir.h">
      <Filter>Header Files</Filter>
    </ClInclude>
    <ClInclude Include="DualTreeItem.h">
      <Filter>Header Files</Filter>
    </ClInclude>
    <ClInclude Include="EditLine.h">
      <Filter>Header Files</Filter>
    </ClInclude>
    <ClInclude Include="FileDialogExt.h">
      <Filter>Header Files</Filter>
    </ClInclude>
    <ClInclude Include="FileSync.h">
      <Filter>Header Files</Filter>
    </ClInclude>
    <ClInclude Include="MainFrm.h">
      <Filter>Header Files</Filter>
    </ClInclude>
    <ClInclude Include="PIDL.h">
      <Filter>Header Files</Filter>
    </ClInclude>
    <ClInclude Include="PrefDlg.h">
      <Filter>Header Files</Filter>
    </ClInclude>
    <ClInclude Include="REBProgressDialog.h">
      <Filter>Header Files</Filter>
    </ClInclude>
    <ClInclude Include="Resource.h">
      <Filter>Header Files</Filter>
    </ClInclude>
    <ClInclude Include="stdafx.h">
      <Filter>Header Files</Filter>
    </ClInclude>
    <ClInclude Include="StringDiff.h">
      <Filter>Header Files</Filter>
    </ClInclude>
    <ClInclude Include="TitleTip.h">
      <Filter>Header Files</Filter>
    </ClInclude>
    <ClInclude Include="TitleTipListBox.h">
      <Filter>Header Files</Filter>
    </ClInclude>
    <ClInclude Include="ToolBarFixed.h">
      <Filter>Header Files</Filter>
    </ClInclude>
    <ClInclude Include="ToolBarSearch.h">
      <Filter>Header Files</Filter>
    </ClInclude>
    <ClInclude Include="UndoBuffer.h">
      <Filter>Header Files</Filter>
    </ClInclude>
    <ClInclude Include="UndoDelete.h">
      <Filter>Header Files</Filter>
    </ClInclude>
    <ClInclude Include="UndoDir.h">
      <Filter>Header Files</Filter>
    </ClInclude>
    <ClInclude Include="UndoInsertAfter.h">
      <Filter>Header Files</Filter>
    </ClInclude>
    <ClInclude Include="UndoInsertBefore.h">
      <Filter>Header Files</Filter>
    </ClInclude>
    <ClInclude Include="UndoInsertText.h">
      <Filter>Header Files</Filter>
    </ClInclude>
    <ClInclude Include="UndoReplace.h">
      <Filter>Header Files</Filter>
    </ClInclude>
    <ClInclude Include="UndoTask.h">
      <Filter>Header Files</Filter>
    </ClInclude>
    <ClInclude Include="UndoTaskFileSync.h">
      <Filter>Header Files</Filter>
    </ClInclude>
    <ClInclude Include="UndoViewText.h">
      <Filter>Header Files</Filter>
    </ClInclude>
    <ClInclude Include="ViewDir.h">
      <Filter>Header Files</Filter>
    </ClInclude>
    <ClInclude Include="ViewDirItem.h">
      <Filter>Header Files</Filter>
    </ClInclude>
    <ClInclude Include="ViewFileSync.h">
      <Filter>Header Files</Filter>
    </ClInclude>
    <ClInclude Include="ViewHex.h">
      <Filter>Header Files</Filter>
    </ClInclude>
    <ClInclude Include="ViewList.h">
      <Filter>Header Files</Filter>
    </ClInclude>
    <ClInclude Include="ViewText.h">
      <Filter>Header Files</Filter>
    </ClInclude>
    <ClInclude Include="ViewXml.h">
      <Filter>Header Files</Filter>
    </ClInclude>
    <ClInclude Include="ToolButton.h">
      <Filter>Header Files</Filter>
    </ClInclude>
    <ClInclude Include="ListBoxMode.h">
      <Filter>Header Files</Filter>
    </ClInclude>
    <ClInclude Include="BitmapTransparent.h">
      <Filter>Header Files</Filter>
    </ClInclude>
    <ClInclude Include="UndoReplaceText.h">
      <Filter>Header Files</Filter>
    </ClInclude>
    <ClInclude Include="TaskBase.h">
      <Filter>Header Files</Filter>
    </ClInclude>
    <ClInclude Include="ThreadBack.h">
      <Filter>Header Files</Filter>
    </ClInclude>
    <ClInclude Include="TaskDirScan.h">
      <Filter>Header Files</Filter>
    </ClInclude>
    <ClInclude Include="DirEntry.h">
      <Filter>Header Files</Filter>
    </ClInclude>
    <ClInclude Include="ListDirEntries.h">
      <Filter>Header Files</Filter>
    </ClInclude>
    <ClInclude Include="DualTreeData.h">
      <Filter>Header Files</Filter>
    </ClInclude>
    <ClInclude Include="DualTreeDirData.h">
      <Filter>Header Files</Filter>
    </ClInclude>
    <ClInclude Include="TaskDirDep.h">
      <Filter>Header Files</Filter>
    </ClInclude>
    <ClInclude Include="TaskDirCompFiles.h">
      <Filter>Header Files</Filter>
    </ClInclude>
    <ClInclude Include="TaskIdle.h">
      <Filter>Header Files</Filter>
    </ClInclude>
    <ClInclude Include="TaskIdleUpd.h">
      <Filter>Header Files</Filter>
    </ClInclude>
    <ClInclude Include="TaskIdleDel.h">
      <Filter>Header Files</Filter>
    </ClInclude>
    <ClInclude Include="TaskIdleInv.h">
      <Filter>Header Files</Filter>
    </ClInclude>
    <ClInclude Include="TaskIdleExp.h">
      <Filter>Header Files</Filter>
    </ClInclude>
    <ClInclude Include="TaskDirExp.h">
      <Filter>Header Files</Filter>
    </ClInclude>
    <ClInclude Include="Storage.h">
      <Filter>Header Files</Filter>
    </ClInclude>
    <ClInclude Include="DocDirIsoSub.h">
      <Filter>Header Files</Filter>
    </ClInclude>
    <ClInclude Include="DocDirIsoRoot.h">
      <Filter>Header Files</Filter>
    </ClInclude>
    <ClInclude Include="Ping.h">
      <Filter>Header Files</Filter>
    </ClInclude>
    <ClInclude Include="DlgOverwriteNewer.h">
      <Filter>Header Files</Filter>
    </ClInclude>
    <ClInclude Include="ThreadTrace.h">
      <Filter>Header Files</Filter>
    </ClInclude>
    <ClInclude Include="DocFile.h">
      <Filter>Header Files</Filter>
    </ClInclude>
    <ClInclude Include="DocDirArchive.h">
      <Filter>Header Files</Filter>
    </ClInclude>
    <ClInclude Include="ArcRoot.h">
      <Filter>Header Files</Filter>
    </ClInclude>
  </ItemGroup>
  <ItemGroup>
    <None Include="..\MakeSetup\FileSyncSetup.nsi" />
    <None Include="ClassStruct.txt" />
    <None Include="gpl.txt" />
    <None Include="License.txt" />
    <None Include="ReadMe.txt" />
    <None Include="res\bitmapOpen.bmp">
      <Filter>Resource Files</Filter>
    </None>
    <None Include="res\bitmapSave.bmp">
      <Filter>Resource Files</Filter>
    </None>
    <None Include="res\bitmapSaveDis.bmp">
      <Filter>Resource Files</Filter>
    </None>
    <None Include="res\CLSDFOLD.ICO">
      <Filter>Resource Files</Filter>
    </None>
    <None Include="res\dircomp.ico">
      <Filter>Resource Files</Filter>
    </None>
    <None Include="res\FileSync.ico">
      <Filter>Resource Files</Filter>
    </None>
    <None Include="res\FileSync.manifest">
      <Filter>Resource Files</Filter>
    </None>
    <None Include="res\FileSync.rc2">
      <Filter>Resource Files</Filter>
    </None>
    <None Include="res\tool_search.bmp">
      <Filter>Resource Files</Filter>
    </None>
    <None Include="res\treeimages.bmp">
      <Filter>Resource Files</Filter>
    </None>
    <None Include="res\viewdir-r.bmp">
      <Filter>Resource Files</Filter>
    </None>
    <None Include="res\viewdir.bmp">
      <Filter>Resource Files</Filter>
    </None>
    <None Include="res\viewhex.bmp">
      <Filter>Resource Files</Filter>
    </None>
    <None Include="res\viewhex.ICO">
      <Filter>Resource Files</Filter>
    </None>
    <None Include="res\viewtext-r.bmp">
      <Filter>Resource Files</Filter>
    </None>
    <None Include="res\viewtext.bmp">
      <Filter>Resource Files</Filter>
    </None>
    <None Include="res\viewzip.bmp">
      <Filter>Resource Files</Filter>
    </None>
    <None Include="res\open.bmp">
      <Filter>Resource Files</Filter>
    </None>
    <None Include="res\opendir.bmp">
      <Filter>Resource Files</Filter>
    </None>
    <None Include="res\bitmapOpenDir.bmp">
      <Filter>Resource Files</Filter>
    </None>
    <None Include="res\mode_R.bmp">
      <Filter>Resource Files</Filter>
    </None>
    <None Include="res\mode_Y.bmp">
      <Filter>Resource Files</Filter>
    </None>
    <None Include="res\mode_G.bmp">
      <Filter>Resource Files</Filter>
    </None>
    <None Include="res\mode-R.bmp">
      <Filter>Resource Files</Filter>
    </None>
    <None Include="res\mode-Y.bmp">
      <Filter>Resource Files</Filter>
    </None>
    <None Include="res\mode-G.bmp">
      <Filter>Resource Files</Filter>
    </None>
    <None Include="res\toolbarLR.bmp">
      <Filter>Resource Files</Filter>
    </None>
    <None Include="res\open_foc.bmp">
      <Filter>Resource Files</Filter>
    </None>
    <None Include="res\check.bmp">
      <Filter>Resource Files</Filter>
    </None>
    <None Include="res\mode_dis.bmp">
      <Filter>Resource Files</Filter>
    </None>
    <None Include="res\mode-RY.bmp">
      <Filter>Resource Files</Filter>
    </None>
    <None Include="res\mode-GY.bmp">
      <Filter>Resource Files</Filter>
    </None>
    <None Include="res\openmenu.bmp">
      <Filter>Resource Files</Filter>
    </None>
    <None Include="res\opendir_men.bmp">
      <Filter>Resource Files</Filter>
    </None>
    <None Include="res\dircomp.bmp">
      <Filter>Resource Files</Filter>
    </None>
    <None Include="res\filecomp.bmp">
      <Filter>Resource Files</Filter>
    </None>
    <None Include="html\index.html">
      <Filter>Help Files</Filter>
    </None>
    <None Include="html\filesync.css">
      <Filter>Help Files</Filter>
    </None>
    <None Include="html\viewhex.html">
      <Filter>Help Files</Filter>
    </None>
    <None Include="html\viewdir.html">
      <Filter>Help Files</Filter>
    </None>
    <None Include="html\viewtext.html">
      <Filter>Help Files</Filter>
    </None>
    <None Include="res\NOTE06.ICO">
      <Filter>Resource Files</Filter>
    </None>
    <None Include="res\NOTE07.ICO">
      <Filter>Resource Files</Filter>
    </None>
    <None Include="res\Toolbar.bmp">
      <Filter>Resource Files</Filter>
    </None>
    <None Include="res\iconxml.ico">
      <Filter>Resource Files</Filter>
    </None>
  </ItemGroup>
  <ItemGroup>
    <ResourceCompile Include="FileSync.rc">
      <Filter>Resource Files</Filter>
    </ResourceCompile>
  </ItemGroup>
  <ItemGroup>
    <Object Include="..\..\StackWalker\StackWalker_VC10\Debug\StackWalker.obj" />
  </ItemGroup>
</Project>